
Microsoft Visual Studio Solution File, Format Version 12.00
# Visual Studio 15
Project("{FAE04EC0-301F-11D3-BF4B-00C04F79EFBC}") = "Assembly-CSharp", "Assembly-CSharp.csproj", "{B2D3C9BD-93D3-9985-E80C-526886709AB8}"
EndProject
Project("{FAE04EC0-301F-11D3-BF4B-00C04F79EFBC}") = "Oculus.VR", "Oculus.VR.csproj", "{B7BBEA62-84A4-044B-B146-90B18D02DD52}"
EndProject
Project("{FAE04EC0-301F-11D3-BF4B-00C04F79EFBC}") = "Assembly-CSharp-Editor", "Assembly-CSharp-Editor.csproj", "{C1E0376E-35F3-3D2F-0FBE-D8FC9D5D7987}"
EndProject
Project("{FAE04EC0-301F-11D3-BF4B-00C04F79EFBC}") = "Oculus.VR.Scripts.Editor", "Oculus.VR.Scripts.Editor.csproj", "{33F67330-0907-8117-87B1-F6E171A5FC48}"
EndProject
Project("{FAE04EC0-301F-11D3-BF4B-00C04F79EFBC}") = "Oculus.VR.Editor", "Oculus.VR.Editor.csproj", "{12739FB5-7B77-018C-0CE5-2D206C64321C}"
EndProject
Global
	GlobalSection(SolutionConfigurationPlatforms) = preSolution
		Debug|Any CPU = Debug|Any CPU
		Release|Any CPU = Release|Any CPU
	EndGlobalSection
	GlobalSection(ProjectConfigurationPlatforms) = postSolution
		{B2D3C9BD-93D3-9985-E80C-526886709AB8}.Debug|Any CPU.ActiveCfg = Debug|Any CPU
		{B2D3C9BD-93D3-9985-E80C-526886709AB8}.Debug|Any CPU.Build.0 = Debug|Any CPU
		{B2D3C9BD-93D3-9985-E80C-526886709AB8}.Release|Any CPU.ActiveCfg = Release|Any CPU
		{B2D3C9BD-93D3-9985-E80C-526886709AB8}.Release|Any CPU.Build.0 = Release|Any CPU
		{B7BBEA62-84A4-044B-B146-90B18D02DD52}.Debug|Any CPU.ActiveCfg = Debug|Any CPU
		{B7BBEA62-84A4-044B-B146-90B18D02DD52}.Debug|Any CPU.Build.0 = Debug|Any CPU
		{B7BBEA62-84A4-044B-B146-90B18D02DD52}.Release|Any CPU.ActiveCfg = Release|Any CPU
		{B7BBEA62-84A4-044B-B146-90B18D02DD52}.Release|Any CPU.Build.0 = Release|Any CPU
		{C1E0376E-35F3-3D2F-0FBE-D8FC9D5D7987}.Debug|Any CPU.ActiveCfg = Debug|Any CPU
		{C1E0376E-35F3-3D2F-0FBE-D8FC9D5D7987}.Debug|Any CPU.Build.0 = Debug|Any CPU
		{C1E0376E-35F3-3D2F-0FBE-D8FC9D5D7987}.Release|Any CPU.ActiveCfg = Release|Any CPU
		{C1E0376E-35F3-3D2F-0FBE-D8FC9D5D7987}.Release|Any CPU.Build.0 = Release|Any CPU
		{33F67330-0907-8117-87B1-F6E171A5FC48}.Debug|Any CPU.ActiveCfg = Debug|Any CPU
		{33F67330-0907-8117-87B1-F6E171A5FC48}.Debug|Any CPU.Build.0 = Debug|Any CPU
		{33F67330-0907-8117-87B1-F6E171A5FC48}.Release|Any CPU.ActiveCfg = Release|Any CPU
		{33F67330-0907-8117-87B1-F6E171A5FC48}.Release|Any CPU.Build.0 = Release|Any CPU
		{12739FB5-7B77-018C-0CE5-2D206C64321C}.Debug|Any CPU.ActiveCfg = Debug|Any CPU
		{12739FB5-7B77-018C-0CE5-2D206C64321C}.Debug|Any CPU.Build.0 = Debug|Any CPU
		{12739FB5-7B77-018C-0CE5-2D206C64321C}.Release|Any CPU.ActiveCfg = Release|Any CPU
		{12739FB5-7B77-018C-0CE5-2D206C64321C}.Release|Any CPU.Build.0 = Release|Any CPU
	EndGlobalSection
	GlobalSection(SolutionProperties) = preSolution
		HideSolutionNode = FALSE
	EndGlobalSection
EndGlobal
